// !$*UTF8*$!
{
	archiveVersion = 1;
	classes = {
	};
	objectVersion = 50;
	objects = {

/* Begin PBXBuildFile section */
		74B8CCE223128FB900065435 /* AppDelegate.swift in Sources */ = {isa = PBXBuildFile; fileRef = 74B8CCE123128FB900065435 /* AppDelegate.swift */; };
		74B8CCE423128FB900065435 /* SceneDelegate.swift in Sources */ = {isa = PBXBuildFile; fileRef = 74B8CCE323128FB900065435 /* SceneDelegate.swift */; };
		74B8CCE623128FB900065435 /* ContentView.swift in Sources */ = {isa = PBXBuildFile; fileRef = 74B8CCE523128FB900065435 /* ContentView.swift */; };
		74B8CCE823128FBA00065435 /* Assets.xcassets in Resources */ = {isa = PBXBuildFile; fileRef = 74B8CCE723128FBA00065435 /* Assets.xcassets */; };
		74B8CCEB23128FBA00065435 /* Preview Assets.xcassets in Resources */ = {isa = PBXBuildFile; fileRef = 74B8CCEA23128FBA00065435 /* Preview Assets.xcassets */; };
		74B8CCEE23128FBA00065435 /* LaunchScreen.storyboard in Resources */ = {isa = PBXBuildFile; fileRef = 74B8CCEC23128FBA00065435 /* LaunchScreen.storyboard */; };
/* End PBXBuildFile section */

/* Begin PBXFileReference section */
		74B8CCDE23128FB900065435 /* SwiftUI CoffeeOrderingApp.app */ = {isa = PBXFileReference; explicitFileType = wrapper.application; includeInIndex = 0; path = "SwiftUI CoffeeOrderingApp.app"; sourceTree = BUILT_PRODUCTS_DIR; };
		74B8CCE123128FB900065435 /* AppDelegate.swift */ = {isa = PBXFileReference; lastKnownFileType = sourcecode.swift; path = AppDelegate.swift; sourceTree = "<group>"; };
		74B8CCE323128FB900065435 /* SceneDelegate.swift */ = {isa = PBXFileReference; lastKnownFileType = sourcecode.swift; path = SceneDelegate.swift; sourceTree = "<group>"; };
		74B8CCE523128FB900065435 /* ContentView.swift */ = {isa = PBXFileReference; lastKnownFileType = sourcecode.swift; path = ContentView.swift; sourceTree = "<group>"; };
		74B8CCE723128FBA00065435 /* Assets.xcassets */ = {isa = PBXFileReference; lastKnownFileType = folder.assetcatalog; path = Assets.xcassets; sourceTree = "<group>"; };
		74B8CCEA23128FBA00065435 /* Preview Assets.xcassets */ = {isa = PBXFileReference; lastKnownFileType = folder.assetcatalog; path = "Preview Assets.xcassets"; sourceTree = "<group>"; };
		74B8CCED23128FBA00065435 /* Base */ = {isa = PBXFileReference; lastKnownFileType = file.storyboard; name = Base; path = Base.lproj/LaunchScreen.storyboard; sourceTree = "<group>"; };
		74B8CCEF23128FBA00065435 /* Info.plist */ = {isa = PBXFileReference; lastKnownFileType = text.plist.xml; path = Info.plist; sourceTree = "<group>"; };
/* End PBXFileReference section */

/* Begin PBXFrameworksBuildPhase section */
		74B8CCDB23128FB900065435 /* Frameworks */ = {
			isa = PBXFrameworksBuildPhase;
			buildActionMask = 2147483647;
			files = (
			);
			runOnlyForDeploymentPostprocessing = 0;
		};
/* End PBXFrameworksBuildPhase section */

/* Begin PBXGroup section */
		74B8CCD523128FB900065435 = {
			isa = PBXGroup;
			children = (
				74B8CCE023128FB900065435 /* SwiftUI CoffeeOrderingApp */,
				74B8CCDF23128FB900065435 /* Products */,
			);
			sourceTree = "<group>";
		};
		74B8CCDF23128FB900065435 /* Products */ = {
			isa = PBXGroup;
			children = (
				74B8CCDE23128FB900065435 /* SwiftUI CoffeeOrderingApp.app */,
			);
			name = Products;
			sourceTree = "<group>";
		};
		74B8CCE023128FB900065435 /* SwiftUI CoffeeOrderingApp */ = {
			isa = PBXGroup;
			children = (
				74B8CCE123128FB900065435 /* AppDelegate.swift */,
				74B8CCE323128FB900065435 /* SceneDelegate.swift */,
				74B8CCE523128FB900065435 /* ContentView.swift */,
				74B8CCE723128FBA00065435 /* Assets.xcassets */,
				74B8CCEC23128FBA00065435 /* LaunchScreen.storyboard */,
				74B8CCEF23128FBA00065435 /* Info.plist */,
				74B8CCE923128FBA00065435 /* Preview Content */,
			);
			path = "SwiftUI CoffeeOrderingApp";
			sourceTree = "<group>";
		};
		74B8CCE923128FBA00065435 /* Preview Content */ = {
			isa = PBXGroup;
			children = (
				74B8CCEA23128FBA00065435 /* Preview Assets.xcassets */,
			);
			path = "Preview Content";
			sourceTree = "<group>";
		};
/* End PBXGroup section */

/* Begin PBXNativeTarget section */
		74B8CCDD23128FB900065435 /* SwiftUI CoffeeOrderingApp */ = {
			isa = PBXNativeTarget;
			buildConfigurationList = 74B8CCF223128FBA00065435 /* Build configuration list for PBXNativeTarget "SwiftUI CoffeeOrderingApp" */;
			buildPhases = (
				74B8CCDA23128FB900065435 /* Sources */,
				74B8CCDB23128FB900065435 /* Frameworks */,
				74B8CCDC23128FB900065435 /* Resources */,
			);
			buildRules = (
			);
			dependencies = (
			);
			name = "SwiftUI CoffeeOrderingApp";
			productName = "SwiftUI CoffeeOrderingApp";
			productReference = 74B8CCDE23128FB900065435 /* SwiftUI CoffeeOrderingApp.app */;
			productType = "com.apple.product-type.application";
		};
/* End PBXNativeTarget section */

/* Begin PBXProject section */
		74B8CCD623128FB900065435 /* Project object */ = {
			isa = PBXProject;
			attributes = {
				LastSwiftUpdateCheck = 1100;
				LastUpgradeCheck = 1100;
				ORGANIZATIONNAME = "Dmitry Novosyolov";
				TargetAttributes = {
					74B8CCDD23128FB900065435 = {
						CreatedOnToolsVersion = 11.0;
					};
				};
			};
			buildConfigurationList = 74B8CCD923128FB900065435 /* Build configuration list for PBXProject "SwiftUI CoffeeOrderingApp" */;
			compatibilityVersion = "Xcode 9.3";
			developmentRegion = en;
			hasScannedForEncodings = 0;
			knownRegions = (
				en,
				Base,
			);
			mainGroup = 74B8CCD523128FB900065435;
			productRefGroup = 74B8CCDF23128FB900065435 /* Products */;
			projectDirPath = "";
			projectRoot = "";
			targets = (
				74B8CCDD23128FB900065435 /* SwiftUI CoffeeOrderingApp */,
			);
		};
/* End PBXProject section */

/* Begin PBXResourcesBuildPhase section */
		74B8CCDC23128FB900065435 /* Resources */ = {
			isa = PBXResourcesBuildPhase;
			buildActionMask = 2147483647;
			files = (
				74B8CCEE23128FBA00065435 /* LaunchScreen.storyboard in Resources */,
				74B8CCEB23128FBA00065435 /* Preview Assets.xcassets in Resources */,
				74B8CCE823128FBA00065435 /* Assets.xcassets in Resources */,
			);
			runOnlyForDeploymentPostprocessing = 0;
		};
/* End PBXResourcesBuildPhase section */

/* Begin PBXSourcesBuildPhase section */
		74B8CCDA23128FB900065435 /* Sources */ = {
			isa = PBXSourcesBuildPhase;
			buildActionMask = 2147483647;
			files = (
				74B8CCE223128FB900065435 /* AppDelegate.swift in Sources */,
				74B8CCE423128FB900065435 /* SceneDelegate.swift in Sources */,
				74B8CCE623128FB900065435 /* ContentView.swift in Sources */,
			);
			runOnlyForDeploymentPostprocessing = 0;
		};
/* End PBXSourcesBuildPhase section */

/* Begin PBXVariantGroup section */
		74B8CCEC23128FBA00065435 /* LaunchScreen.storyboard */ = {
			isa = PBXVariantGroup;
			children = (
				74B8CCED23128FBA00065435 /* Base */,
			);
			name = LaunchScreen.storyboard;
			sourceTree = "<group>";
		};
/* End PBXVariantGroup section */

/* Begin XCBuildConfiguration section */
		74B8CCF023128FBA00065435 /* Debug */ = {
			isa = XCBuildConfiguration;
			buildSettings = {
				ALWAYS_SEARCH_USER_PATHS = NO;
				CLANG_ANALYZER_NONNULL = YES;
				CLANG_ANALYZER_NUMBER_OBJECT_CONVERSION = YES_AGGRESSIVE;
				CLANG_CXX_LANGUAGE_STANDARD = "gnu++14";
				CLANG_CXX_LIBRARY = "libc++";
				CLANG_ENABLE_MODULES = YES;
				CLANG_ENABLE_OBJC_ARC = YES;
				CLANG_ENABLE_OBJC_WEAK = YES;
				CLANG_WARN_BLOCK_CAPTURE_AUTORELEASING = YES;
				CLANG_WARN_BOOL_CONVERSION = YES;
				CLANG_WARN_COMMA = YES;
				CLANG_WARN_CONSTANT_CONVERSION = YES;
				CLANG_WARN_DEPRECATED_OBJC_IMPLEMENTATIONS = YES;
				CLANG_WARN_DIRECT_OBJC_ISA_USAGE = YES_ERROR;
				CLANG_WARN_DOCUMENTATION_COMMENTS = YES;
				CLANG_WARN_EMPTY_BODY = YES;
				CLANG_WARN_ENUM_CONVERSION = YES;
				CLANG_WARN_INFINITE_RECURSION = YES;
				CLANG_WARN_INT_CONVERSION = YES;
				CLANG_WARN_NON_LITERAL_NULL_CONVERSION = YES;
				CLANG_WARN_OBJC_IMPLICIT_RETAIN_SELF = YES;
				CLANG_WARN_OBJC_LITERAL_CONVERSION = YES;
				CLANG_WARN_OBJC_ROOT_CLASS = YES_ERROR;
				CLANG_WARN_RANGE_LOOP_ANALYSIS = YES;
				CLANG_WARN_STRICT_PROTOTYPES = YES;
				CLANG_WARN_SUSPICIOUS_MOVE = YES;
				CLANG_WARN_UNGUARDED_AVAILABILITY = YES_AGGRESSIVE;
				CLANG_WARN_UNREACHABLE_CODE = YES;
				CLANG_WARN__DUPLICATE_METHOD_MATCH = YES;
				COPY_PHASE_STRIP = NO;
				DEBUG_INFORMATION_FORMAT = dwarf;
				ENABLE_STRICT_OBJC_MSGSEND = YES;
				ENABLE_TESTABILITY = YES;
				GCC_C_LANGUAGE_STANDARD = gnu11;
				GCC_DYNAMIC_NO_PIC = NO;
				GCC_NO_COMMON_BLOCKS = YES;
				GCC_OPTIMIZATION_LEVEL = 0;
				GCC_PREPROCESSOR_DEFINITIONS = (
					"DEBUG=1",
					"$(inherited)",
				);
				GCC_WARN_64_TO_32_BIT_CONVERSION = YES;
				GCC_WARN_ABOUT_RETURN_TYPE = YES_ERROR;
				GCC_WARN_UNDECLARED_SELECTOR = YES;
				GCC_WARN_UNINITIALIZED_AUTOS = YES_AGGRESSIVE;
				GCC_WARN_UNUSED_FUNCTION = YES;
				GCC_WARN_UNUSED_VARIABLE = YES;
				IPHONEOS_DEPLOYMENT_TARGET = 13.0;
				MTL_ENABLE_DEBUG_INFO = INCLUDE_SOURCE;
				MTL_FAST_MATH = YES;
				ONLY_ACTIVE_ARCH = YES;
				SDKROOT = iphoneos;
				SWIFT_ACTIVE_COMPILATION_CONDITIONS = DEBUG;
				SWIFT_OPTIMIZATION_LEVEL = "-Onone";
			};
			name = Debug;
		};
		74B8CCF123128FBA00065435 /* Release */ = {
			isa = XCBuildConfiguration;
			buildSettings = {
				ALWAYS_SEARCH_USER_PATHS = NO;
				CLANG_ANALYZER_NONNULL = YES;
				CLANG_ANALYZER_NUMBER_OBJECT_CONVERSION = YES_AGGRESSIVE;
				CLANG_CXX_LANGUAGE_STANDARD = "gnu++14";
				CLANG_CXX_LIBRARY = "libc++";
				CLANG_ENABLE_MODULES = YES;
				CLANG_ENABLE_OBJC_ARC = YES;
				CLANG_ENABLE_OBJC_WEAK = YES;
				CLANG_WARN_BLOCK_CAPTURE_AUTORELEASING = YES;
				CLANG_WARN_BOOL_CONVERSION = YES;
				CLANG_WARN_COMMA = YES;
				CLANG_WARN_CONSTANT_CONVERSION = YES;
				CLANG_WARN_DEPRECATED_OBJC_IMPLEMENTATIONS = YES;
				CLANG_WARN_DIRECT_OBJC_ISA_USAGE = YES_ERROR;
				CLANG_WARN_DOCUMENTATION_COMMENTS = YES;
				CLANG_WARN_EMPTY_BODY = YES;
				CLANG_WARN_ENUM_CONVERSION = YES;
				CLANG_WARN_INFINITE_RECURSION = YES;
				CLANG_WARN_INT_CONVERSION = YES;
				CLANG_WARN_NON_LITERAL_NULL_CONVERSION = YES;
				CLANG_WARN_OBJC_IMPLICIT_RETAIN_SELF = YES;
				CLANG_WARN_OBJC_LITERAL_CONVERSION = YES;
				CLANG_WARN_OBJC_ROOT_CLASS = YES_ERROR;
				CLANG_WARN_RANGE_LOOP_ANALYSIS = YES;
				CLANG_WARN_STRICT_PROTOTYPES = YES;
				CLANG_WARN_SUSPICIOUS_MOVE = YES;
				CLANG_WARN_UNGUARDED_AVAILABILITY = YES_AGGRESSIVE;
				CLANG_WARN_UNREACHABLE_CODE = YES;
				CLANG_WARN__DUPLICATE_METHOD_MATCH = YES;
				COPY_PHASE_STRIP = NO;
				DEBUG_INFORMATION_FORMAT = "dwarf-with-dsym";
				ENABLE_NS_ASSERTIONS = NO;
				ENABLE_STRICT_OBJC_MSGSEND = YES;
				GCC_C_LANGUAGE_STANDARD = gnu11;
				GCC_NO_COMMON_BLOCKS = YES;
				GCC_WARN_64_TO_32_BIT_CONVERSION = YES;
				GCC_WARN_ABOUT_RETURN_TYPE = YES_ERROR;
				GCC_WARN_UNDECLARED_SELECTOR = YES;
				GCC_WARN_UNINITIALIZED_AUTOS = YES_AGGRESSIVE;
				GCC_WARN_UNUSED_FUNCTION = YES;
				GCC_WARN_UNUSED_VARIABLE = YES;
				IPHONEOS_DEPLOYMENT_TARGET = 13.0;
				MTL_ENABLE_DEBUG_INFO = NO;
				MTL_FAST_MATH = YES;
				SDKROOT = iphoneos;
				SWIFT_COMPILATION_MODE = wholemodule;
				SWIFT_OPTIMIZATION_LEVEL = "-O";
				VALIDATE_PRODUCT = YES;
			};
			name = Release;
		};
		74B8CCF323128FBA00065435 /* Debug */ = {
			isa = XCBuildConfiguration;
			buildSettings = {
				ASSETCATALOG_COMPILER_APPICON_NAME = AppIcon;
				CODE_SIGN_STYLE = Automatic;
				DEVELOPMENT_ASSET_PATHS = "\"SwiftUI CoffeeOrderingApp/Preview Content\"";
				DEVELOPMENT_TEAM = 3LF677RTA3;
				ENABLE_PREVIEWS = YES;
				INFOPLIST_FILE = "SwiftUI CoffeeOrderingApp/Info.plist";
				LD_RUNPATH_SEARCH_PATHS = (
					"$(inherited)",
					"@executable_path/Frameworks",
				);
				PRODUCT_BUNDLE_IDENTIFIER = "Dmitry-Novosyolov.SwiftUI-CoffeeOrderingApp";
				PRODUCT_NAME = "$(TARGET_NAME)";
				SWIFT_VERSION = 5.0;
				TARGETED_DEVICE_FAMILY = "1,2";
			};
			name = Debug;
		};
		74B8CCF423128FBA00065435 /* Release */ = {
			isa = XCBuildConfiguration;
			buildSettings = {
				ASSETCATALOG_COMPILER_APPICON_NAME = AppIcon;
				CODE_SIGN_STYLE = Automatic;
				DEVELOPMENT_ASSET_PATHS = "\"SwiftUI CoffeeOrderingApp/Preview Content\"";
				DEVELOPMENT_TEAM = 3LF677RTA3;
				ENABLE_PREVIEWS = YES;
				INFOPLIST_FILE = "SwiftUI CoffeeOrderingApp/Info.plist";
				LD_RUNPATH_SEARCH_PATHS = (
					"$(inherited)",
					"@executable_path/Frameworks",
				);
				PRODUCT_BUNDLE_IDENTIFIER = "Dmitry-Novosyolov.SwiftUI-CoffeeOrderingApp";
				PRODUCT_NAME = "$(TARGET_NAME)";
				SWIFT_VERSION = 5.0;
				TARGETED_DEVICE_FAMILY = "1,2";
			};
			name = Release;
		};
/* End XCBuildConfiguration section */

/* Begin XCConfigurationList section */
		74B8CCD923128FB900065435 /* Build configuration list for PBXProject "SwiftUI CoffeeOrderingApp" */ = {
			isa = XCConfigurationList;
			buildConfigurations = (
				74B8CCF023128FBA00065435 /* Debug */,
				74B8CCF123128FBA00065435 /* Release */,
			);
			defaultConfigurationIsVisible = 0;
			defaultConfigurationName = Release;
		};
		74B8CCF223128FBA00065435 /* Build configuration list for PBXNativeTarget "SwiftUI CoffeeOrderingApp" */ = {
			isa = XCConfigurationList;
			buildConfigurations = (
				74B8CCF323128FBA00065435 /* Debug */,
				74B8CCF423128FBA00065435 /* Release */,
			);
			defaultConfigurationIsVisible = 0;
			defaultConfigurationName = Release;
		};
/* End XCConfigurationList section */
	};
	rootObject = 74B8CCD623128FB900065435 /* Project object */;
}
